// !$*UTF8*$!
{
	archiveVersion = 1;
	classes = {
	};
	objectVersion = 55;
	objects = {

/* Begin PBXBuildFile section */
		E2347DCA27381223004F75DA /* Board_Game_ToolsApp.swift in Sources */ = {isa = PBXBuildFile; fileRef = E2347DC927381223004F75DA /* Board_Game_ToolsApp.swift */; };
		E2347DCC27381223004F75DA /* ContentView.swift in Sources */ = {isa = PBXBuildFile; fileRef = E2347DCB27381223004F75DA /* ContentView.swift */; };
		E2347DCE27381225004F75DA /* Assets.xcassets in Resources */ = {isa = PBXBuildFile; fileRef = E2347DCD27381225004F75DA /* Assets.xcassets */; };
		E2347DD127381225004F75DA /* Preview Assets.xcassets in Resources */ = {isa = PBXBuildFile; fileRef = E2347DD027381225004F75DA /* Preview Assets.xcassets */; };
		E2347DD927382A2D004F75DA /* CardView.swift in Sources */ = {isa = PBXBuildFile; fileRef = E2347DD827382A2D004F75DA /* CardView.swift */; };
		E2347DDB27382AA5004F75DA /* CancelionView.swift in Sources */ = {isa = PBXBuildFile; fileRef = E2347DDA27382AA5004F75DA /* CancelionView.swift */; };
		E2347DDD27382BFB004F75DA /* Tool.swift in Sources */ = {isa = PBXBuildFile; fileRef = E2347DDC27382BFB004F75DA /* Tool.swift */; };
		E2347DDF273830EA004F75DA /* ConfigView.swift in Sources */ = {isa = PBXBuildFile; fileRef = E2347DDE273830EA004F75DA /* ConfigView.swift */; };
		E24938012747055700E5DF66 /* SoloDuelHelpView.swift in Sources */ = {isa = PBXBuildFile; fileRef = E24938002747055700E5DF66 /* SoloDuelHelpView.swift */; };
		E2F448E32742CC9100363D18 /* SoloDuelView.swift in Sources */ = {isa = PBXBuildFile; fileRef = E2F448E22742CC9100363D18 /* SoloDuelView.swift */; };
		E2F448E52742E16900363D18 /* SoloDuelDecisionView.swift in Sources */ = {isa = PBXBuildFile; fileRef = E2F448E42742E16900363D18 /* SoloDuelDecisionView.swift */; };
/* End PBXBuildFile section */

/* Begin PBXFileReference section */
		E2347DC627381223004F75DA /* Board Game Tools.app */ = {isa = PBXFileReference; explicitFileType = wrapper.application; includeInIndex = 0; path = "Board Game Tools.app"; sourceTree = BUILT_PRODUCTS_DIR; };
		E2347DC927381223004F75DA /* Board_Game_ToolsApp.swift */ = {isa = PBXFileReference; lastKnownFileType = sourcecode.swift; path = Board_Game_ToolsApp.swift; sourceTree = "<group>"; };
		E2347DCB27381223004F75DA /* ContentView.swift */ = {isa = PBXFileReference; lastKnownFileType = sourcecode.swift; path = ContentView.swift; sourceTree = "<group>"; };
		E2347DCD27381225004F75DA /* Assets.xcassets */ = {isa = PBXFileReference; lastKnownFileType = folder.assetcatalog; path = Assets.xcassets; sourceTree = "<group>"; };
		E2347DD027381225004F75DA /* Preview Assets.xcassets */ = {isa = PBXFileReference; lastKnownFileType = folder.assetcatalog; path = "Preview Assets.xcassets"; sourceTree = "<group>"; };
		E2347DD827382A2D004F75DA /* CardView.swift */ = {isa = PBXFileReference; lastKnownFileType = sourcecode.swift; path = CardView.swift; sourceTree = "<group>"; };
		E2347DDA27382AA5004F75DA /* CancelionView.swift */ = {isa = PBXFileReference; lastKnownFileType = sourcecode.swift; path = CancelionView.swift; sourceTree = "<group>"; };
		E2347DDC27382BFB004F75DA /* Tool.swift */ = {isa = PBXFileReference; lastKnownFileType = sourcecode.swift; path = Tool.swift; sourceTree = "<group>"; };
		E2347DDE273830EA004F75DA /* ConfigView.swift */ = {isa = PBXFileReference; lastKnownFileType = sourcecode.swift; path = ConfigView.swift; sourceTree = "<group>"; };
		E2347DE027383C7F004F75DA /* Board Game Tools.entitlements */ = {isa = PBXFileReference; lastKnownFileType = text.plist.entitlements; path = "Board Game Tools.entitlements"; sourceTree = "<group>"; };
		E24938002747055700E5DF66 /* SoloDuelHelpView.swift */ = {isa = PBXFileReference; lastKnownFileType = sourcecode.swift; path = SoloDuelHelpView.swift; sourceTree = "<group>"; };
		E2F448E22742CC9100363D18 /* SoloDuelView.swift */ = {isa = PBXFileReference; fileEncoding = 4; lastKnownFileType = sourcecode.swift; path = SoloDuelView.swift; sourceTree = "<group>"; };
		E2F448E42742E16900363D18 /* SoloDuelDecisionView.swift */ = {isa = PBXFileReference; fileEncoding = 4; lastKnownFileType = sourcecode.swift; path = SoloDuelDecisionView.swift; sourceTree = "<group>"; };
/* End PBXFileReference section */

/* Begin PBXFrameworksBuildPhase section */
		E2347DC327381223004F75DA /* Frameworks */ = {
			isa = PBXFrameworksBuildPhase;
			buildActionMask = 2147483647;
			files = (
			);
			runOnlyForDeploymentPostprocessing = 0;
		};
/* End PBXFrameworksBuildPhase section */

/* Begin PBXGroup section */
		E2347DBD27381223004F75DA = {
			isa = PBXGroup;
			children = (
				E2347DC827381223004F75DA /* Board Game Tools */,
				E2347DC727381223004F75DA /* Products */,
			);
			sourceTree = "<group>";
		};
		E2347DC727381223004F75DA /* Products */ = {
			isa = PBXGroup;
			children = (
				E2347DC627381223004F75DA /* Board Game Tools.app */,
			);
			name = Products;
			sourceTree = "<group>";
		};
		E2347DC827381223004F75DA /* Board Game Tools */ = {
			isa = PBXGroup;
			children = (
				E24937FF274703AC00E5DF66 /* Main */,
				E24937FE2747036800E5DF66 /* Util */,
				E24937FD2747031D00E5DF66 /* Cancelion */,
				E24937FC274702FC00E5DF66 /* 7WondersDuelSolo */,
				E2347DE027383C7F004F75DA /* Board Game Tools.entitlements */,
				E2347DCD27381225004F75DA /* Assets.xcassets */,
				E2347DCF27381225004F75DA /* Preview Content */,
			);
			path = "Board Game Tools";
			sourceTree = "<group>";
		};
		E2347DCF27381225004F75DA /* Preview Content */ = {
			isa = PBXGroup;
			children = (
				E2347DD027381225004F75DA /* Preview Assets.xcassets */,
			);
			path = "Preview Content";
			sourceTree = "<group>";
		};
		E24937FC274702FC00E5DF66 /* 7WondersDuelSolo */ = {
			isa = PBXGroup;
			children = (
				E2F448E22742CC9100363D18 /* SoloDuelView.swift */,
				E2F448E42742E16900363D18 /* SoloDuelDecisionView.swift */,
				E24938002747055700E5DF66 /* SoloDuelHelpView.swift */,
			);
			path = 7WondersDuelSolo;
			sourceTree = "<group>";
		};
		E24937FD2747031D00E5DF66 /* Cancelion */ = {
			isa = PBXGroup;
			children = (
				E2347DDA27382AA5004F75DA /* CancelionView.swift */,
				E2347DDE273830EA004F75DA /* ConfigView.swift */,
			);
			path = Cancelion;
			sourceTree = "<group>";
		};
		E24937FE2747036800E5DF66 /* Util */ = {
			isa = PBXGroup;
			children = (
				E2347DD827382A2D004F75DA /* CardView.swift */,
				E2347DDC27382BFB004F75DA /* Tool.swift */,
			);
			path = Util;
			sourceTree = "<group>";
		};
		E24937FF274703AC00E5DF66 /* Main */ = {
			isa = PBXGroup;
			children = (
				E2347DC927381223004F75DA /* Board_Game_ToolsApp.swift */,
				E2347DCB27381223004F75DA /* ContentView.swift */,
			);
			path = Main;
			sourceTree = "<group>";
		};
/* End PBXGroup section */

/* Begin PBXNativeTarget section */
		E2347DC527381223004F75DA /* Board Game Tools */ = {
			isa = PBXNativeTarget;
			buildConfigurationList = E2347DD427381225004F75DA /* Build configuration list for PBXNativeTarget "Board Game Tools" */;
			buildPhases = (
				E2347DC227381223004F75DA /* Sources */,
				E2347DC327381223004F75DA /* Frameworks */,
				E2347DC427381223004F75DA /* Resources */,
			);
			buildRules = (
			);
			dependencies = (
			);
			name = "Board Game Tools";
			productName = "Arkham Horror Variants";
			productReference = E2347DC627381223004F75DA /* Board Game Tools.app */;
			productType = "com.apple.product-type.application";
		};
/* End PBXNativeTarget section */

/* Begin PBXProject section */
		E2347DBE27381223004F75DA /* Project object */ = {
			isa = PBXProject;
			attributes = {
				BuildIndependentTargetsInParallel = 1;
				LastSwiftUpdateCheck = 1310;
				LastUpgradeCheck = 1310;
				TargetAttributes = {
					E2347DC527381223004F75DA = {
						CreatedOnToolsVersion = 13.1;
					};
				};
			};
			buildConfigurationList = E2347DC127381223004F75DA /* Build configuration list for PBXProject "Board Game Tools" */;
			compatibilityVersion = "Xcode 13.0";
			developmentRegion = en;
			hasScannedForEncodings = 0;
			knownRegions = (
				en,
				Base,
			);
			mainGroup = E2347DBD27381223004F75DA;
			productRefGroup = E2347DC727381223004F75DA /* Products */;
			projectDirPath = "";
			projectRoot = "";
			targets = (
				E2347DC527381223004F75DA /* Board Game Tools */,
			);
		};
/* End PBXProject section */

/* Begin PBXResourcesBuildPhase section */
		E2347DC427381223004F75DA /* Resources */ = {
			isa = PBXResourcesBuildPhase;
			buildActionMask = 2147483647;
			files = (
				E2347DD127381225004F75DA /* Preview Assets.xcassets in Resources */,
				E2347DCE27381225004F75DA /* Assets.xcassets in Resources */,
			);
			runOnlyForDeploymentPostprocessing = 0;
		};
/* End PBXResourcesBuildPhase section */

/* Begin PBXSourcesBuildPhase section */
		E2347DC227381223004F75DA /* Sources */ = {
			isa = PBXSourcesBuildPhase;
			buildActionMask = 2147483647;
			files = (
				E2347DDF273830EA004F75DA /* ConfigView.swift in Sources */,
				E2F448E32742CC9100363D18 /* SoloDuelView.swift in Sources */,
				E2347DCC27381223004F75DA /* ContentView.swift in Sources */,
				E2347DDB27382AA5004F75DA /* CancelionView.swift in Sources */,
				E24938012747055700E5DF66 /* SoloDuelHelpView.swift in Sources */,
				E2347DD927382A2D004F75DA /* CardView.swift in Sources */,
				E2F448E52742E16900363D18 /* SoloDuelDecisionView.swift in Sources */,
				E2347DDD27382BFB004F75DA /* Tool.swift in Sources */,
				E2347DCA27381223004F75DA /* Board_Game_ToolsApp.swift in Sources */,
			);
			runOnlyForDeploymentPostprocessing = 0;
		};
/* End PBXSourcesBuildPhase section */

/* Begin XCBuildConfiguration section */
		E2347DD227381225004F75DA /* Debug */ = {
			isa = XCBuildConfiguration;
			buildSettings = {
				ALWAYS_SEARCH_USER_PATHS = NO;
				CLANG_ANALYZER_NONNULL = YES;
				CLANG_ANALYZER_NUMBER_OBJECT_CONVERSION = YES_AGGRESSIVE;
				CLANG_CXX_LANGUAGE_STANDARD = "gnu++17";
				CLANG_CXX_LIBRARY = "libc++";
				CLANG_ENABLE_MODULES = YES;
				CLANG_ENABLE_OBJC_ARC = YES;
				CLANG_ENABLE_OBJC_WEAK = YES;
				CLANG_WARN_BLOCK_CAPTURE_AUTORELEASING = YES;
				CLANG_WARN_BOOL_CONVERSION = YES;
				CLANG_WARN_COMMA = YES;
				CLANG_WARN_CONSTANT_CONVERSION = YES;
				CLANG_WARN_DEPRECATED_OBJC_IMPLEMENTATIONS = YES;
				CLANG_WARN_DIRECT_OBJC_ISA_USAGE = YES_ERROR;
				CLANG_WARN_DOCUMENTATION_COMMENTS = YES;
				CLANG_WARN_EMPTY_BODY = YES;
				CLANG_WARN_ENUM_CONVERSION = YES;
				CLANG_WARN_INFINITE_RECURSION = YES;
				CLANG_WARN_INT_CONVERSION = YES;
				CLANG_WARN_NON_LITERAL_NULL_CONVERSION = YES;
				CLANG_WARN_OBJC_IMPLICIT_RETAIN_SELF = YES;
				CLANG_WARN_OBJC_LITERAL_CONVERSION = YES;
				CLANG_WARN_OBJC_ROOT_CLASS = YES_ERROR;
				CLANG_WARN_QUOTED_INCLUDE_IN_FRAMEWORK_HEADER = YES;
				CLANG_WARN_RANGE_LOOP_ANALYSIS = YES;
				CLANG_WARN_STRICT_PROTOTYPES = YES;
				CLANG_WARN_SUSPICIOUS_MOVE = YES;
				CLANG_WARN_UNGUARDED_AVAILABILITY = YES_AGGRESSIVE;
				CLANG_WARN_UNREACHABLE_CODE = YES;
				CLANG_WARN__DUPLICATE_METHOD_MATCH = YES;
				COPY_PHASE_STRIP = NO;
				DEBUG_INFORMATION_FORMAT = dwarf;
				ENABLE_STRICT_OBJC_MSGSEND = YES;
				ENABLE_TESTABILITY = YES;
				GCC_C_LANGUAGE_STANDARD = gnu11;
				GCC_DYNAMIC_NO_PIC = NO;
				GCC_NO_COMMON_BLOCKS = YES;
				GCC_OPTIMIZATION_LEVEL = 0;
				GCC_PREPROCESSOR_DEFINITIONS = (
					"DEBUG=1",
					"$(inherited)",
				);
				GCC_WARN_64_TO_32_BIT_CONVERSION = YES;
				GCC_WARN_ABOUT_RETURN_TYPE = YES_ERROR;
				GCC_WARN_UNDECLARED_SELECTOR = YES;
				GCC_WARN_UNINITIALIZED_AUTOS = YES_AGGRESSIVE;
				GCC_WARN_UNUSED_FUNCTION = YES;
				GCC_WARN_UNUSED_VARIABLE = YES;
				IPHONEOS_DEPLOYMENT_TARGET = 15.0;
				MTL_ENABLE_DEBUG_INFO = INCLUDE_SOURCE;
				MTL_FAST_MATH = YES;
				ONLY_ACTIVE_ARCH = YES;
				SDKROOT = iphoneos;
				SWIFT_ACTIVE_COMPILATION_CONDITIONS = DEBUG;
				SWIFT_OPTIMIZATION_LEVEL = "-Onone";
			};
			name = Debug;
		};
		E2347DD327381225004F75DA /* Release */ = {
			isa = XCBuildConfiguration;
			buildSettings = {
				ALWAYS_SEARCH_USER_PATHS = NO;
				CLANG_ANALYZER_NONNULL = YES;
				CLANG_ANALYZER_NUMBER_OBJECT_CONVERSION = YES_AGGRESSIVE;
				CLANG_CXX_LANGUAGE_STANDARD = "gnu++17";
				CLANG_CXX_LIBRARY = "libc++";
				CLANG_ENABLE_MODULES = YES;
				CLANG_ENABLE_OBJC_ARC = YES;
				CLANG_ENABLE_OBJC_WEAK = YES;
				CLANG_WARN_BLOCK_CAPTURE_AUTORELEASING = YES;
				CLANG_WARN_BOOL_CONVERSION = YES;
				CLANG_WARN_COMMA = YES;
				CLANG_WARN_CONSTANT_CONVERSION = YES;
				CLANG_WARN_DEPRECATED_OBJC_IMPLEMENTATIONS = YES;
				CLANG_WARN_DIRECT_OBJC_ISA_USAGE = YES_ERROR;
				CLANG_WARN_DOCUMENTATION_COMMENTS = YES;
				CLANG_WARN_EMPTY_BODY = YES;
				CLANG_WARN_ENUM_CONVERSION = YES;
				CLANG_WARN_INFINITE_RECURSION = YES;
				CLANG_WARN_INT_CONVERSION = YES;
				CLANG_WARN_NON_LITERAL_NULL_CONVERSION = YES;
				CLANG_WARN_OBJC_IMPLICIT_RETAIN_SELF = YES;
				CLANG_WARN_OBJC_LITERAL_CONVERSION = YES;
				CLANG_WARN_OBJC_ROOT_CLASS = YES_ERROR;
				CLANG_WARN_QUOTED_INCLUDE_IN_FRAMEWORK_HEADER = YES;
				CLANG_WARN_RANGE_LOOP_ANALYSIS = YES;
				CLANG_WARN_STRICT_PROTOTYPES = YES;
				CLANG_WARN_SUSPICIOUS_MOVE = YES;
				CLANG_WARN_UNGUARDED_AVAILABILITY = YES_AGGRESSIVE;
				CLANG_WARN_UNREACHABLE_CODE = YES;
				CLANG_WARN__DUPLICATE_METHOD_MATCH = YES;
				COPY_PHASE_STRIP = NO;
				DEBUG_INFORMATION_FORMAT = "dwarf-with-dsym";
				ENABLE_NS_ASSERTIONS = NO;
				ENABLE_STRICT_OBJC_MSGSEND = YES;
				GCC_C_LANGUAGE_STANDARD = gnu11;
				GCC_NO_COMMON_BLOCKS = YES;
				GCC_WARN_64_TO_32_BIT_CONVERSION = YES;
				GCC_WARN_ABOUT_RETURN_TYPE = YES_ERROR;
				GCC_WARN_UNDECLARED_SELECTOR = YES;
				GCC_WARN_UNINITIALIZED_AUTOS = YES_AGGRESSIVE;
				GCC_WARN_UNUSED_FUNCTION = YES;
				GCC_WARN_UNUSED_VARIABLE = YES;
				IPHONEOS_DEPLOYMENT_TARGET = 15.0;
				MTL_ENABLE_DEBUG_INFO = NO;
				MTL_FAST_MATH = YES;
				SDKROOT = iphoneos;
				SWIFT_COMPILATION_MODE = wholemodule;
				SWIFT_OPTIMIZATION_LEVEL = "-O";
				VALIDATE_PRODUCT = YES;
			};
			name = Release;
		};
		E2347DD527381225004F75DA /* Debug */ = {
			isa = XCBuildConfiguration;
			buildSettings = {
				ASSETCATALOG_COMPILER_APPICON_NAME = AppIcon;
				ASSETCATALOG_COMPILER_GLOBAL_ACCENT_COLOR_NAME = AccentColor;
				CODE_SIGN_ENTITLEMENTS = "";
				CODE_SIGN_STYLE = Automatic;
				CURRENT_PROJECT_VERSION = 1;
				DEVELOPMENT_ASSET_PATHS = "\"Board Game Tools/Preview Content\"";
				DEVELOPMENT_TEAM = PSCR3K88ST;
				ENABLE_PREVIEWS = YES;
				GENERATE_INFOPLIST_FILE = YES;
				INFOPLIST_KEY_UIApplicationSceneManifest_Generation = YES;
				INFOPLIST_KEY_UIApplicationSupportsIndirectInputEvents = YES;
				INFOPLIST_KEY_UILaunchScreen_Generation = YES;
				INFOPLIST_KEY_UISupportedInterfaceOrientations_iPad = "UIInterfaceOrientationPortrait UIInterfaceOrientationPortraitUpsideDown UIInterfaceOrientationLandscapeLeft UIInterfaceOrientationLandscapeRight";
				INFOPLIST_KEY_UISupportedInterfaceOrientations_iPhone = "UIInterfaceOrientationPortrait UIInterfaceOrientationLandscapeLeft UIInterfaceOrientationLandscapeRight";
				LD_RUNPATH_SEARCH_PATHS = (
					"$(inherited)",
					"@executable_path/Frameworks",
				);
				MARKETING_VERSION = 1.0;
				PRODUCT_BUNDLE_IDENTIFIER = "br.fbinder.Board-Game-Tools";
				PRODUCT_NAME = "Board Game Tools";
				SUPPORTS_MACCATALYST = YES;
				SWIFT_EMIT_LOC_STRINGS = YES;
				SWIFT_VERSION = 5.0;
				TARGETED_DEVICE_FAMILY = "1,2";
			};
			name = Debug;
		};
		E2347DD627381225004F75DA /* Release */ = {
			isa = XCBuildConfiguration;
			buildSettings = {
				ASSETCATALOG_COMPILER_APPICON_NAME = AppIcon;
				ASSETCATALOG_COMPILER_GLOBAL_ACCENT_COLOR_NAME = AccentColor;
				CODE_SIGN_ENTITLEMENTS = "";
				CODE_SIGN_STYLE = Automatic;
				CURRENT_PROJECT_VERSION = 1;
				DEVELOPMENT_ASSET_PATHS = "\"Board Game Tools/Preview Content\"";
				DEVELOPMENT_TEAM = PSCR3K88ST;
				ENABLE_PREVIEWS = YES;
				GENERATE_INFOPLIST_FILE = YES;
				INFOPLIST_KEY_UIApplicationSceneManifest_Generation = YES;
				INFOPLIST_KEY_UIApplicationSupportsIndirectInputEvents = YES;
				INFOPLIST_KEY_UILaunchScreen_Generation = YES;
				INFOPLIST_KEY_UISupportedInterfaceOrientations_iPad = "UIInterfaceOrientationPortrait UIInterfaceOrientationPortraitUpsideDown UIInterfaceOrientationLandscapeLeft UIInterfaceOrientationLandscapeRight";
				INFOPLIST_KEY_UISupportedInterfaceOrientations_iPhone = "UIInterfaceOrientationPortrait UIInterfaceOrientationLandscapeLeft UIInterfaceOrientationLandscapeRight";
				LD_RUNPATH_SEARCH_PATHS = (
					"$(inherited)",
					"@executable_path/Frameworks",
				);
				MARKETING_VERSION = 1.0;
				PRODUCT_BUNDLE_IDENTIFIER = "br.fbinder.Board-Game-Tools";
				PRODUCT_NAME = "Board Game Tools";
				SUPPORTS_MACCATALYST = YES;
				SWIFT_EMIT_LOC_STRINGS = YES;
				SWIFT_VERSION = 5.0;
				TARGETED_DEVICE_FAMILY = "1,2";
			};
			name = Release;
		};
/* End XCBuildConfiguration section */

/* Begin XCConfigurationList section */
		E2347DC127381223004F75DA /* Build configuration list for PBXProject "Board Game Tools" */ = {
			isa = XCConfigurationList;
			buildConfigurations = (
				E2347DD227381225004F75DA /* Debug */,
				E2347DD327381225004F75DA /* Release */,
			);
			defaultConfigurationIsVisible = 0;
			defaultConfigurationName = Release;
		};
		E2347DD427381225004F75DA /* Build configuration list for PBXNativeTarget "Board Game Tools" */ = {
			isa = XCConfigurationList;
			buildConfigurations = (
				E2347DD527381225004F75DA /* Debug */,
				E2347DD627381225004F75DA /* Release */,
			);
			defaultConfigurationIsVisible = 0;
			defaultConfigurationName = Release;
		};
/* End XCConfigurationList section */
	};
	rootObject = E2347DBE27381223004F75DA /* Project object */;
}
